PODS:
  - Tor/Core (408.11.1)
  - Tor/CTor (408.11.1):
    - Tor/Core
  - Tor/GeoIP (408.11.1):
    - Tor/CTor

DEPENDENCIES:
  - Tor/GeoIP (from `../`)

EXTERNAL SOURCES:
  Tor:
    :path: "../"

SPEC CHECKSUMS:
  Tor: ff5a5dc3f0317e7db8f4e863ac535ae5ff3d8ef1

PODFILE CHECKSUM: aaf1dd3b609adb9f024c41d7b7c0ea5a012fd799

COCOAPODS: 1.15.2
